
Microsoft Visual Studio Solution File, Format Version 12.00
# Visual Studio Version 17
VisualStudioVersion = 17.0.32014.148
MinimumVisualStudioVersion = 10.0.40219.1
Project("{9A19103F-16F7-4668-BE54-9A1E7A4F7556}") = "Texture", "Texture\Texture.csproj", "{493D858A-627A-452E-A93E-FB066A6B2642}"
EndProject
Project("{9A19103F-16F7-4668-BE54-9A1E7A4F7556}") = "Common", "Common\Common.csproj", "{2067DB38-F299-4DAE-95D7-6B61DC0E8C89}"
EndProject
Global
	GlobalSection(SolutionConfigurationPlatforms) = preSolution
		Debug|Any CPU = Debug|Any CPU
		Release|Any CPU = Release|Any CPU
	EndGlobalSection
	GlobalSection(ProjectConfigurationPlatforms) = postSolution
		{493D858A-627A-452E-A93E-FB066A6B2642}.Debug|Any CPU.ActiveCfg = Debug|Any CPU
		{493D858A-627A-452E-A93E-FB066A6B2642}.Debug|Any CPU.Build.0 = Debug|Any CPU
		{493D858A-627A-452E-A93E-FB066A6B2642}.Release|Any CPU.ActiveCfg = Release|Any CPU
		{493D858A-627A-452E-A93E-FB066A6B2642}.Release|Any CPU.Build.0 = Release|Any CPU
		{2067DB38-F299-4DAE-95D7-6B61DC0E8C89}.Debug|Any CPU.ActiveCfg = Debug|Any CPU
		{2067DB38-F299-4DAE-95D7-6B61DC0E8C89}.Debug|Any CPU.Build.0 = Debug|Any CPU
		{2067DB38-F299-4DAE-95D7-6B61DC0E8C89}.Release|Any CPU.ActiveCfg = Release|Any CPU
		{2067DB38-F299-4DAE-95D7-6B61DC0E8C89}.Release|Any CPU.Build.0 = Release|Any CPU
	EndGlobalSection
	GlobalSection(SolutionProperties) = preSolution
		HideSolutionNode = FALSE
	EndGlobalSection
	GlobalSection(ExtensibilityGlobals) = postSolution
		SolutionGuid = {47924C0A-8C73-48D0-ADF2-6E5ACEDA5355}
	EndGlobalSection
EndGlobal
